
Microsoft Visual Studio Solution File, Format Version 12.00
# Visual Studio Version 17
VisualStudioVersion = 17.0.31903.59
MinimumVisualStudioVersion = 10.0.40219.1
Project("{FAE04EC0-301F-11D3-BF4B-00C04F79EFBC}") = "Presentation", "Presentation\Presentation.csproj", "{3B0EA794-323A-48DE-A4C8-B6FAFF731E9A}"
EndProject
Project("{FAE04EC0-301F-11D3-BF4B-00C04F79EFBC}") = "DAL", "DAL\DAL.csproj", "{9C27A796-1180-4499-9B20-DA26F866B490}"
EndProject
Project("{FAE04EC0-301F-11D3-BF4B-00C04F79EFBC}") = "BLL", "BLL\BLL.csproj", "{AAC4572C-C77F-4046-9713-2F1AD31D740A}"
EndProject
Global
	GlobalSection(SolutionConfigurationPlatforms) = preSolution
		Debug|Any CPU = Debug|Any CPU
		Release|Any CPU = Release|Any CPU
	EndGlobalSection
	GlobalSection(SolutionProperties) = preSolution
		HideSolutionNode = FALSE
	EndGlobalSection
	GlobalSection(ProjectConfigurationPlatforms) = postSolution
		{3B0EA794-323A-48DE-A4C8-B6FAFF731E9A}.Debug|Any CPU.ActiveCfg = Debug|Any CPU
		{3B0EA794-323A-48DE-A4C8-B6FAFF731E9A}.Debug|Any CPU.Build.0 = Debug|Any CPU
		{3B0EA794-323A-48DE-A4C8-B6FAFF731E9A}.Release|Any CPU.ActiveCfg = Release|Any CPU
		{3B0EA794-323A-48DE-A4C8-B6FAFF731E9A}.Release|Any CPU.Build.0 = Release|Any CPU
		{9C27A796-1180-4499-9B20-DA26F866B490}.Debug|Any CPU.ActiveCfg = Debug|Any CPU
		{9C27A796-1180-4499-9B20-DA26F866B490}.Debug|Any CPU.Build.0 = Debug|Any CPU
		{9C27A796-1180-4499-9B20-DA26F866B490}.Release|Any CPU.ActiveCfg = Release|Any CPU
		{9C27A796-1180-4499-9B20-DA26F866B490}.Release|Any CPU.Build.0 = Release|Any CPU
		{AAC4572C-C77F-4046-9713-2F1AD31D740A}.Debug|Any CPU.ActiveCfg = Debug|Any CPU
		{AAC4572C-C77F-4046-9713-2F1AD31D740A}.Debug|Any CPU.Build.0 = Debug|Any CPU
		{AAC4572C-C77F-4046-9713-2F1AD31D740A}.Release|Any CPU.ActiveCfg = Release|Any CPU
		{AAC4572C-C77F-4046-9713-2F1AD31D740A}.Release|Any CPU.Build.0 = Release|Any CPU
	EndGlobalSection
EndGlobal
